
Microsoft Visual Studio Solution File, Format Version 12.00
# Visual Studio Version 17
VisualStudioVersion = 17.1.32210.238
MinimumVisualStudioVersion = 10.0.40219.1
Project("{FAE04EC0-301F-11D3-BF4B-00C04F79EFBC}") = "MemoryMotoGame", "MemoryMotoGame\MemoryMotoGame.csproj", "{5BF1FE83-DD06-4314-A770-43E29CCCC0C7}"
EndProject
Global
	GlobalSection(SolutionConfigurationPlatforms) = preSolution
		Debug|Any CPU = Debug|Any CPU
		Release|Any CPU = Release|Any CPU
	EndGlobalSection
	GlobalSection(ProjectConfigurationPlatforms) = postSolution
		{5BF1FE83-DD06-4314-A770-43E29CCCC0C7}.Debug|Any CPU.ActiveCfg = Debug|Any CPU
		{5BF1FE83-DD06-4314-A770-43E29CCCC0C7}.Debug|Any CPU.Build.0 = Debug|Any CPU
		{5BF1FE83-DD06-4314-A770-43E29CCCC0C7}.Release|Any CPU.ActiveCfg = Release|Any CPU
		{5BF1FE83-DD06-4314-A770-43E29CCCC0C7}.Release|Any CPU.Build.0 = Release|Any CPU
	EndGlobalSection
	GlobalSection(SolutionProperties) = preSolution
		HideSolutionNode = FALSE
	EndGlobalSection
	GlobalSection(ExtensibilityGlobals) = postSolution
		SolutionGuid = {86721C4A-B41B-418C-9E2D-BF40189FBEE3}
	EndGlobalSection
EndGlobal
